
Microsoft Visual Studio Solution File, Format Version 12.00
# Visual Studio Version 16
VisualStudioVersion = 16.0.30114.105
MinimumVisualStudioVersion = 10.0.40219.1
Project("{FAE04EC0-301F-11D3-BF4B-00C04F79EFBC}") = "API", "API\API.csproj", "{53990E1C-5D40-4C30-BB69-3B37CCF24069}"
EndProject
Project("{FAE04EC0-301F-11D3-BF4B-00C04F79EFBC}") = "Core", "Core\Core.csproj", "{4021DB53-DD49-45C3-B8BA-9BCD6F334493}"
EndProject
Project("{FAE04EC0-301F-11D3-BF4B-00C04F79EFBC}") = "Infrastructure", "Infrastructure\Infrastructure.csproj", "{5755CD31-8CA5-408E-8C4B-7B54DEDC79CA}"
EndProject
Global
	GlobalSection(SolutionConfigurationPlatforms) = preSolution
		Debug|Any CPU = Debug|Any CPU
		Debug|x64 = Debug|x64
		Debug|x86 = Debug|x86
		Release|Any CPU = Release|Any CPU
		Release|x64 = Release|x64
		Release|x86 = Release|x86
	EndGlobalSection
	GlobalSection(SolutionProperties) = preSolution
		HideSolutionNode = FALSE
	EndGlobalSection
	GlobalSection(ProjectConfigurationPlatforms) = postSolution
		{53990E1C-5D40-4C30-BB69-3B37CCF24069}.Debug|Any CPU.ActiveCfg = Debug|Any CPU
		{53990E1C-5D40-4C30-BB69-3B37CCF24069}.Debug|Any CPU.Build.0 = Debug|Any CPU
		{53990E1C-5D40-4C30-BB69-3B37CCF24069}.Debug|x64.ActiveCfg = Debug|Any CPU
		{53990E1C-5D40-4C30-BB69-3B37CCF24069}.Debug|x64.Build.0 = Debug|Any CPU
		{53990E1C-5D40-4C30-BB69-3B37CCF24069}.Debug|x86.ActiveCfg = Debug|Any CPU
		{53990E1C-5D40-4C30-BB69-3B37CCF24069}.Debug|x86.Build.0 = Debug|Any CPU
		{53990E1C-5D40-4C30-BB69-3B37CCF24069}.Release|Any CPU.ActiveCfg = Release|Any CPU
		{53990E1C-5D40-4C30-BB69-3B37CCF24069}.Release|Any CPU.Build.0 = Release|Any CPU
		{53990E1C-5D40-4C30-BB69-3B37CCF24069}.Release|x64.ActiveCfg = Release|Any CPU
		{53990E1C-5D40-4C30-BB69-3B37CCF24069}.Release|x64.Build.0 = Release|Any CPU
		{53990E1C-5D40-4C30-BB69-3B37CCF24069}.Release|x86.ActiveCfg = Release|Any CPU
		{53990E1C-5D40-4C30-BB69-3B37CCF24069}.Release|x86.Build.0 = Release|Any CPU
		{4021DB53-DD49-45C3-B8BA-9BCD6F334493}.Debug|Any CPU.ActiveCfg = Debug|Any CPU
		{4021DB53-DD49-45C3-B8BA-9BCD6F334493}.Debug|Any CPU.Build.0 = Debug|Any CPU
		{4021DB53-DD49-45C3-B8BA-9BCD6F334493}.Debug|x64.ActiveCfg = Debug|Any CPU
		{4021DB53-DD49-45C3-B8BA-9BCD6F334493}.Debug|x64.Build.0 = Debug|Any CPU
		{4021DB53-DD49-45C3-B8BA-9BCD6F334493}.Debug|x86.ActiveCfg = Debug|Any CPU
		{4021DB53-DD49-45C3-B8BA-9BCD6F334493}.Debug|x86.Build.0 = Debug|Any CPU
		{4021DB53-DD49-45C3-B8BA-9BCD6F334493}.Release|Any CPU.ActiveCfg = Release|Any CPU
		{4021DB53-DD49-45C3-B8BA-9BCD6F334493}.Release|Any CPU.Build.0 = Release|Any CPU
		{4021DB53-DD49-45C3-B8BA-9BCD6F334493}.Release|x64.ActiveCfg = Release|Any CPU
		{4021DB53-DD49-45C3-B8BA-9BCD6F334493}.Release|x64.Build.0 = Release|Any CPU
		{4021DB53-DD49-45C3-B8BA-9BCD6F334493}.Release|x86.ActiveCfg = Release|Any CPU
		{4021DB53-DD49-45C3-B8BA-9BCD6F334493}.Release|x86.Build.0 = Release|Any CPU
		{5755CD31-8CA5-408E-8C4B-7B54DEDC79CA}.Debug|Any CPU.ActiveCfg = Debug|Any CPU
		{5755CD31-8CA5-408E-8C4B-7B54DEDC79CA}.Debug|Any CPU.Build.0 = Debug|Any CPU
		{5755CD31-8CA5-408E-8C4B-7B54DEDC79CA}.Debug|x64.ActiveCfg = Debug|Any CPU
		{5755CD31-8CA5-408E-8C4B-7B54DEDC79CA}.Debug|x64.Build.0 = Debug|Any CPU
		{5755CD31-8CA5-408E-8C4B-7B54DEDC79CA}.Debug|x86.ActiveCfg = Debug|Any CPU
		{5755CD31-8CA5-408E-8C4B-7B54DEDC79CA}.Debug|x86.Build.0 = Debug|Any CPU
		{5755CD31-8CA5-408E-8C4B-7B54DEDC79CA}.Release|Any CPU.ActiveCfg = Release|Any CPU
		{5755CD31-8CA5-408E-8C4B-7B54DEDC79CA}.Release|Any CPU.Build.0 = Release|Any CPU
		{5755CD31-8CA5-408E-8C4B-7B54DEDC79CA}.Release|x64.ActiveCfg = Release|Any CPU
		{5755CD31-8CA5-408E-8C4B-7B54DEDC79CA}.Release|x64.Build.0 = Release|Any CPU
		{5755CD31-8CA5-408E-8C4B-7B54DEDC79CA}.Release|x86.ActiveCfg = Release|Any CPU
		{5755CD31-8CA5-408E-8C4B-7B54DEDC79CA}.Release|x86.Build.0 = Release|Any CPU
	EndGlobalSection
EndGlobal
